
Microsoft Visual Studio Solution File, Format Version 12.00
# Visual Studio Version 16
VisualStudioVersion = 16.0.31005.135
MinimumVisualStudioVersion = 10.0.40219.1
Project("{FAE04EC0-301F-11D3-BF4B-00C04F79EFBC}") = "WeatherForcastApp", "WeatherForcastApp\WeatherForcastApp.csproj", "{552B6166-DC24-4D40-9E39-ED65757D464D}"
EndProject
Global
	GlobalSection(SolutionConfigurationPlatforms) = preSolution
		Debug|Any CPU = Debug|Any CPU
		Release|Any CPU = Release|Any CPU
	EndGlobalSection
	GlobalSection(ProjectConfigurationPlatforms) = postSolution
		{552B6166-DC24-4D40-9E39-ED65757D464D}.Debug|Any CPU.ActiveCfg = Debug|Any CPU
		{552B6166-DC24-4D40-9E39-ED65757D464D}.Debug|Any CPU.Build.0 = Debug|Any CPU
		{552B6166-DC24-4D40-9E39-ED65757D464D}.Release|Any CPU.ActiveCfg = Release|Any CPU
		{552B6166-DC24-4D40-9E39-ED65757D464D}.Release|Any CPU.Build.0 = Release|Any CPU
	EndGlobalSection
	GlobalSection(SolutionProperties) = preSolution
		HideSolutionNode = FALSE
	EndGlobalSection
	GlobalSection(ExtensibilityGlobals) = postSolution
		SolutionGuid = {972569C1-2671-495A-8305-B9A836E98E00}
	EndGlobalSection
EndGlobal
